{
  "version": 4,
  "terraform_version": "1.5.7",
  "serial": 514,
  "lineage": "964f9647-efbf-554c-b6fd-8c59f22354c7",
  "outputs": {},
  "resources": [
    {
      "module": "module.monitoring-ec2",
      "mode": "managed",
      "type": "aws_instance",
      "name": "net-ec2",
      "provider": "provider[\"registry.terraform.io/hashicorp/aws\"]",
      "instances": [
        {
          "schema_version": 1,
          "attributes": {
            "ami": "ami-053a0835435bf4f45",
            "arn": "arn:aws:ec2:ap-south-2:740956705458:instance/i-0d0368ec6a9cddf54",
            "associate_public_ip_address": true,
            "availability_zone": "ap-south-2a",
            "capacity_reservation_specification": [
              {
                "capacity_reservation_preference": "open",
                "capacity_reservation_target": []
              }
            ],
            "cpu_core_count": 1,
            "cpu_options": [
              {
                "amd_sev_snp": "",
                "core_count": 1,
                "threads_per_core": 2
              }
            ],
            "cpu_threads_per_core": 2,
            "credit_specification": [
              {
                "cpu_credits": "unlimited"
              }
            ],
            "disable_api_stop": false,
            "disable_api_termination": false,
            "ebs_block_device": [],
            "ebs_optimized": false,
            "enable_primary_ipv6": null,
            "enclave_options": [
              {
                "enabled": false
              }
            ],
            "ephemeral_block_device": [],
            "get_password_data": false,
            "hibernation": false,
            "host_id": "",
            "host_resource_group_arn": null,
            "iam_instance_profile": "",
            "id": "i-0d0368ec6a9cddf54",
            "instance_initiated_shutdown_behavior": "stop",
            "instance_lifecycle": "",
            "instance_market_options": [],
            "instance_state": "running",
            "instance_type": "t3.medium",
            "ipv6_address_count": 0,
            "ipv6_addresses": [],
            "key_name": "",
            "launch_template": [],
            "maintenance_options": [
              {
                "auto_recovery": "default"
              }
            ],
            "metadata_options": [
              {
                "http_endpoint": "enabled",
                "http_protocol_ipv6": "disabled",
                "http_put_response_hop_limit": 2,
                "http_tokens": "required",
                "instance_metadata_tags": "disabled"
              }
            ],
            "monitoring": false,
            "network_interface": [],
            "outpost_arn": "",
            "password_data": "",
            "placement_group": "",
            "placement_partition_number": 0,
            "primary_network_interface_id": "eni-0f9843bd3fecd3302",
            "private_dns": "ip-172-31-15-204.ap-south-2.compute.internal",
            "private_dns_name_options": [
              {
                "enable_resource_name_dns_a_record": false,
                "enable_resource_name_dns_aaaa_record": false,
                "hostname_type": "ip-name"
              }
            ],
            "private_ip": "172.31.15.204",
            "public_dns": "ec2-18-61-35-28.ap-south-2.compute.amazonaws.com",
            "public_ip": "18.61.35.28",
            "root_block_device": [
              {
                "delete_on_termination": true,
                "device_name": "/dev/sda1",
                "encrypted": false,
                "iops": 3000,
                "kms_key_id": "",
                "tags": {},
                "tags_all": {},
                "throughput": 125,
                "volume_id": "vol-0cf264396178b1f5a",
                "volume_size": 8,
                "volume_type": "gp3"
              }
            ],
            "secondary_private_ips": [],
            "security_groups": [
              "default"
            ],
            "source_dest_check": true,
            "spot_instance_request_id": "",
            "subnet_id": "subnet-00625ab75962a9723",
            "tags": {
              "Name": "monitoring-ec2"
            },
            "tags_all": {
              "Name": "monitoring-ec2"
            },
            "tenancy": "default",
            "timeouts": null,
            "user_data": null,
            "user_data_base64": null,
            "user_data_replace_on_change": false,
            "volume_tags": null,
            "vpc_security_group_ids": [
              "sg-09e7675e7506c4e6e"
            ]
          },
          "sensitive_attributes": [],
          "private": "eyJlMmJmYjczMC1lY2FhLTExZTYtOGY4OC0zNDM2M2JjN2M0YzAiOnsiY3JlYXRlIjo2MDAwMDAwMDAwMDAsImRlbGV0ZSI6MTIwMDAwMDAwMDAwMCwicmVhZCI6OTAwMDAwMDAwMDAwLCJ1cGRhdGUiOjYwMDAwMDAwMDAwMH0sInNjaGVtYV92ZXJzaW9uIjoiMSJ9"
        }
      ]
    },
    {
      "module": "module.monitoring-ec2",
      "mode": "managed",
      "type": "aws_security_group",
      "name": "net-sg",
      "provider": "provider[\"registry.terraform.io/hashicorp/aws\"]",
      "instances": [
        {
          "schema_version": 1,
          "attributes": {
            "arn": "arn:aws:ec2:ap-south-2:740956705458:security-group/sg-0ba38675eb4da82ba",
            "description": "Managed by Terraform",
            "egress": [],
            "id": "sg-0ba38675eb4da82ba",
            "ingress": [],
            "name": "monitoring-sg",
            "name_prefix": "",
            "owner_id": "740956705458",
            "revoke_rules_on_delete": false,
            "tags": null,
            "tags_all": {},
            "timeouts": null,
            "vpc_id": "vpc-01867ff5bce8a474d"
          },
          "sensitive_attributes": [],
          "private": "eyJlMmJmYjczMC1lY2FhLTExZTYtOGY4OC0zNDM2M2JjN2M0YzAiOnsiY3JlYXRlIjo2MDAwMDAwMDAwMDAsImRlbGV0ZSI6OTAwMDAwMDAwMDAwfSwic2NoZW1hX3ZlcnNpb24iOiIxIn0=",
          "dependencies": [
            "module.vpc.aws_vpc.net-vpc"
          ]
        }
      ]
    },
    {
      "module": "module.monitoring-ec2",
      "mode": "managed",
      "type": "aws_vpc_security_group_egress_rule",
      "name": "net-sg-egress",
      "provider": "provider[\"registry.terraform.io/hashicorp/aws\"]",
      "instances": [
        {
          "schema_version": 0,
          "attributes": {
            "arn": "arn:aws:ec2:ap-south-2:740956705458:security-group-rule/sgr-0ae388476dfcaf659",
            "cidr_ipv4": "0.0.0.0/0",
            "cidr_ipv6": null,
            "description": null,
            "from_port": 0,
            "id": "sgr-0ae388476dfcaf659",
            "ip_protocol": "tcp",
            "prefix_list_id": null,
            "referenced_security_group_id": null,
            "security_group_id": "sg-0ba38675eb4da82ba",
            "security_group_rule_id": "sgr-0ae388476dfcaf659",
            "tags": null,
            "tags_all": {},
            "to_port": 0
          },
          "sensitive_attributes": [],
          "dependencies": [
            "module.monitoring-ec2.aws_security_group.net-sg",
            "module.vpc.aws_vpc.net-vpc"
          ]
        }
      ]
    },
    {
      "module": "module.monitoring-ec2",
      "mode": "managed",
      "type": "aws_vpc_security_group_ingress_rule",
      "name": "net-sg-ingress",
      "provider": "provider[\"registry.terraform.io/hashicorp/aws\"]",
      "instances": [
        {
          "index_key": "22",
          "schema_version": 0,
          "attributes": {
            "arn": "arn:aws:ec2:ap-south-2:740956705458:security-group-rule/sgr-01bcbb5ba25b801a6",
            "cidr_ipv4": "0.0.0.0/0",
            "cidr_ipv6": null,
            "description": null,
            "from_port": 22,
            "id": "sgr-01bcbb5ba25b801a6",
            "ip_protocol": "tcp",
            "prefix_list_id": null,
            "referenced_security_group_id": null,
            "security_group_id": "sg-0ba38675eb4da82ba",
            "security_group_rule_id": "sgr-01bcbb5ba25b801a6",
            "tags": null,
            "tags_all": {},
            "to_port": 22
          },
          "sensitive_attributes": [],
          "dependencies": [
            "module.monitoring-ec2.aws_security_group.net-sg",
            "module.vpc.aws_vpc.net-vpc"
          ]
        },
        {
          "index_key": "3000",
          "schema_version": 0,
          "attributes": {
            "arn": "arn:aws:ec2:ap-south-2:740956705458:security-group-rule/sgr-0c2d5c14e54f89eca",
            "cidr_ipv4": "0.0.0.0/0",
            "cidr_ipv6": null,
            "description": null,
            "from_port": 3000,
            "id": "sgr-0c2d5c14e54f89eca",
            "ip_protocol": "tcp",
            "prefix_list_id": null,
            "referenced_security_group_id": null,
            "security_group_id": "sg-0ba38675eb4da82ba",
            "security_group_rule_id": "sgr-0c2d5c14e54f89eca",
            "tags": null,
            "tags_all": {},
            "to_port": 3000
          },
          "sensitive_attributes": [],
          "dependencies": [
            "module.monitoring-ec2.aws_security_group.net-sg",
            "module.vpc.aws_vpc.net-vpc"
          ]
        },
        {
          "index_key": "443",
          "schema_version": 0,
          "attributes": {
            "arn": "arn:aws:ec2:ap-south-2:740956705458:security-group-rule/sgr-06c9a93b2a87b6f95",
            "cidr_ipv4": "0.0.0.0/0",
            "cidr_ipv6": null,
            "description": null,
            "from_port": 443,
            "id": "sgr-06c9a93b2a87b6f95",
            "ip_protocol": "tcp",
            "prefix_list_id": null,
            "referenced_security_group_id": null,
            "security_group_id": "sg-0ba38675eb4da82ba",
            "security_group_rule_id": "sgr-06c9a93b2a87b6f95",
            "tags": null,
            "tags_all": {},
            "to_port": 443
          },
          "sensitive_attributes": [],
          "dependencies": [
            "module.monitoring-ec2.aws_security_group.net-sg",
            "module.vpc.aws_vpc.net-vpc"
          ]
        },
        {
          "index_key": "80",
          "schema_version": 0,
          "attributes": {
            "arn": "arn:aws:ec2:ap-south-2:740956705458:security-group-rule/sgr-08b02e92a0ed2b143",
            "cidr_ipv4": "0.0.0.0/0",
            "cidr_ipv6": null,
            "description": null,
            "from_port": 80,
            "id": "sgr-08b02e92a0ed2b143",
            "ip_protocol": "tcp",
            "prefix_list_id": null,
            "referenced_security_group_id": null,
            "security_group_id": "sg-0ba38675eb4da82ba",
            "security_group_rule_id": "sgr-08b02e92a0ed2b143",
            "tags": null,
            "tags_all": {},
            "to_port": 80
          },
          "sensitive_attributes": [],
          "dependencies": [
            "module.monitoring-ec2.aws_security_group.net-sg",
            "module.vpc.aws_vpc.net-vpc"
          ]
        },
        {
          "index_key": "9090",
          "schema_version": 0,
          "attributes": {
            "arn": "arn:aws:ec2:ap-south-2:740956705458:security-group-rule/sgr-0a14d6be653e32961",
            "cidr_ipv4": "0.0.0.0/0",
            "cidr_ipv6": null,
            "description": null,
            "from_port": 9090,
            "id": "sgr-0a14d6be653e32961",
            "ip_protocol": "tcp",
            "prefix_list_id": null,
            "referenced_security_group_id": null,
            "security_group_id": "sg-0ba38675eb4da82ba",
            "security_group_rule_id": "sgr-0a14d6be653e32961",
            "tags": null,
            "tags_all": {},
            "to_port": 9090
          },
          "sensitive_attributes": [],
          "dependencies": [
            "module.monitoring-ec2.aws_security_group.net-sg",
            "module.vpc.aws_vpc.net-vpc"
          ]
        }
      ]
    },
    {
      "module": "module.netflix-ec2",
      "mode": "managed",
      "type": "aws_instance",
      "name": "net-ec2",
      "provider": "provider[\"registry.terraform.io/hashicorp/aws\"]",
      "instances": [
        {
          "schema_version": 1,
          "attributes": {
            "ami": "ami-053a0835435bf4f45",
            "arn": "arn:aws:ec2:ap-south-2:740956705458:instance/i-085d3c0feebf3026c",
            "associate_public_ip_address": true,
            "availability_zone": "ap-south-2a",
            "capacity_reservation_specification": [
              {
                "capacity_reservation_preference": "open",
                "capacity_reservation_target": []
              }
            ],
            "cpu_core_count": 1,
            "cpu_options": [
              {
                "amd_sev_snp": "",
                "core_count": 1,
                "threads_per_core": 2
              }
            ],
            "cpu_threads_per_core": 2,
            "credit_specification": [
              {
                "cpu_credits": "unlimited"
              }
            ],
            "disable_api_stop": false,
            "disable_api_termination": false,
            "ebs_block_device": [],
            "ebs_optimized": false,
            "enable_primary_ipv6": null,
            "enclave_options": [
              {
                "enabled": false
              }
            ],
            "ephemeral_block_device": [],
            "get_password_data": false,
            "hibernation": false,
            "host_id": "",
            "host_resource_group_arn": null,
            "iam_instance_profile": "",
            "id": "i-085d3c0feebf3026c",
            "instance_initiated_shutdown_behavior": "stop",
            "instance_lifecycle": "",
            "instance_market_options": [],
            "instance_state": "running",
            "instance_type": "t3.medium",
            "ipv6_address_count": 0,
            "ipv6_addresses": [],
            "key_name": "",
            "launch_template": [],
            "maintenance_options": [
              {
                "auto_recovery": "default"
              }
            ],
            "metadata_options": [
              {
                "http_endpoint": "enabled",
                "http_protocol_ipv6": "disabled",
                "http_put_response_hop_limit": 2,
                "http_tokens": "required",
                "instance_metadata_tags": "disabled"
              }
            ],
            "monitoring": false,
            "network_interface": [],
            "outpost_arn": "",
            "password_data": "",
            "placement_group": "",
            "placement_partition_number": 0,
            "primary_network_interface_id": "eni-00891d437a71693af",
            "private_dns": "ip-172-31-3-215.ap-south-2.compute.internal",
            "private_dns_name_options": [
              {
                "enable_resource_name_dns_a_record": false,
                "enable_resource_name_dns_aaaa_record": false,
                "hostname_type": "ip-name"
              }
            ],
            "private_ip": "172.31.3.215",
            "public_dns": "ec2-18-61-44-69.ap-south-2.compute.amazonaws.com",
            "public_ip": "18.61.44.69",
            "root_block_device": [
              {
                "delete_on_termination": true,
                "device_name": "/dev/sda1",
                "encrypted": false,
                "iops": 3000,
                "kms_key_id": "",
                "tags": {},
                "tags_all": {},
                "throughput": 125,
                "volume_id": "vol-0b1fe18efec2ab1c5",
                "volume_size": 8,
                "volume_type": "gp3"
              }
            ],
            "secondary_private_ips": [],
            "security_groups": [
              "default"
            ],
            "source_dest_check": true,
            "spot_instance_request_id": "",
            "subnet_id": "subnet-00625ab75962a9723",
            "tags": {
              "Name": "netflix-ec2"
            },
            "tags_all": {
              "Name": "netflix-ec2"
            },
            "tenancy": "default",
            "timeouts": null,
            "user_data": null,
            "user_data_base64": null,
            "user_data_replace_on_change": false,
            "volume_tags": null,
            "vpc_security_group_ids": [
              "sg-09e7675e7506c4e6e"
            ]
          },
          "sensitive_attributes": [],
          "private": "eyJlMmJmYjczMC1lY2FhLTExZTYtOGY4OC0zNDM2M2JjN2M0YzAiOnsiY3JlYXRlIjo2MDAwMDAwMDAwMDAsImRlbGV0ZSI6MTIwMDAwMDAwMDAwMCwicmVhZCI6OTAwMDAwMDAwMDAwLCJ1cGRhdGUiOjYwMDAwMDAwMDAwMH0sInNjaGVtYV92ZXJzaW9uIjoiMSJ9"
        }
      ]
    },
    {
      "module": "module.netflix-ec2",
      "mode": "managed",
      "type": "aws_security_group",
      "name": "net-sg",
      "provider": "provider[\"registry.terraform.io/hashicorp/aws\"]",
      "instances": [
        {
          "schema_version": 1,
          "attributes": {
            "arn": "arn:aws:ec2:ap-south-2:740956705458:security-group/sg-0f00bf594c5bb07e5",
            "description": "Managed by Terraform",
            "egress": [],
            "id": "sg-0f00bf594c5bb07e5",
            "ingress": [],
            "name": "net-sg",
            "name_prefix": "",
            "owner_id": "740956705458",
            "revoke_rules_on_delete": false,
            "tags": null,
            "tags_all": {},
            "timeouts": null,
            "vpc_id": "vpc-01867ff5bce8a474d"
          },
          "sensitive_attributes": [],
          "private": "eyJlMmJmYjczMC1lY2FhLTExZTYtOGY4OC0zNDM2M2JjN2M0YzAiOnsiY3JlYXRlIjo2MDAwMDAwMDAwMDAsImRlbGV0ZSI6OTAwMDAwMDAwMDAwfSwic2NoZW1hX3ZlcnNpb24iOiIxIn0=",
          "dependencies": [
            "module.vpc.aws_vpc.net-vpc"
          ]
        }
      ]
    },
    {
      "module": "module.netflix-ec2",
      "mode": "managed",
      "type": "aws_vpc_security_group_egress_rule",
      "name": "net-sg-egress",
      "provider": "provider[\"registry.terraform.io/hashicorp/aws\"]",
      "instances": [
        {
          "schema_version": 0,
          "attributes": {
            "arn": "arn:aws:ec2:ap-south-2:740956705458:security-group-rule/sgr-057fc783bacc6a5f7",
            "cidr_ipv4": "0.0.0.0/0",
            "cidr_ipv6": null,
            "description": null,
            "from_port": 0,
            "id": "sgr-057fc783bacc6a5f7",
            "ip_protocol": "tcp",
            "prefix_list_id": null,
            "referenced_security_group_id": null,
            "security_group_id": "sg-0f00bf594c5bb07e5",
            "security_group_rule_id": "sgr-057fc783bacc6a5f7",
            "tags": null,
            "tags_all": {},
            "to_port": 0
          },
          "sensitive_attributes": [],
          "dependencies": [
            "module.netflix-ec2.aws_security_group.net-sg",
            "module.vpc.aws_vpc.net-vpc"
          ]
        }
      ]
    },
    {
      "module": "module.netflix-ec2",
      "mode": "managed",
      "type": "aws_vpc_security_group_ingress_rule",
      "name": "net-sg-ingress",
      "provider": "provider[\"registry.terraform.io/hashicorp/aws\"]",
      "instances": [
        {
          "index_key": "22",
          "schema_version": 0,
          "attributes": {
            "arn": "arn:aws:ec2:ap-south-2:740956705458:security-group-rule/sgr-0839a5a6d25e63128",
            "cidr_ipv4": "0.0.0.0/0",
            "cidr_ipv6": null,
            "description": null,
            "from_port": 22,
            "id": "sgr-0839a5a6d25e63128",
            "ip_protocol": "tcp",
            "prefix_list_id": null,
            "referenced_security_group_id": null,
            "security_group_id": "sg-0f00bf594c5bb07e5",
            "security_group_rule_id": "sgr-0839a5a6d25e63128",
            "tags": null,
            "tags_all": {},
            "to_port": 22
          },
          "sensitive_attributes": [],
          "dependencies": [
            "module.netflix-ec2.aws_security_group.net-sg",
            "module.vpc.aws_vpc.net-vpc"
          ]
        },
        {
          "index_key": "443",
          "schema_version": 0,
          "attributes": {
            "arn": "arn:aws:ec2:ap-south-2:740956705458:security-group-rule/sgr-09e9fc14ed9ad57c4",
            "cidr_ipv4": "0.0.0.0/0",
            "cidr_ipv6": null,
            "description": null,
            "from_port": 443,
            "id": "sgr-09e9fc14ed9ad57c4",
            "ip_protocol": "tcp",
            "prefix_list_id": null,
            "referenced_security_group_id": null,
            "security_group_id": "sg-0f00bf594c5bb07e5",
            "security_group_rule_id": "sgr-09e9fc14ed9ad57c4",
            "tags": null,
            "tags_all": {},
            "to_port": 443
          },
          "sensitive_attributes": [],
          "dependencies": [
            "module.netflix-ec2.aws_security_group.net-sg",
            "module.vpc.aws_vpc.net-vpc"
          ]
        },
        {
          "index_key": "80",
          "schema_version": 0,
          "attributes": {
            "arn": "arn:aws:ec2:ap-south-2:740956705458:security-group-rule/sgr-01c36786e3e8286bc",
            "cidr_ipv4": "0.0.0.0/0",
            "cidr_ipv6": null,
            "description": null,
            "from_port": 80,
            "id": "sgr-01c36786e3e8286bc",
            "ip_protocol": "tcp",
            "prefix_list_id": null,
            "referenced_security_group_id": null,
            "security_group_id": "sg-0f00bf594c5bb07e5",
            "security_group_rule_id": "sgr-01c36786e3e8286bc",
            "tags": null,
            "tags_all": {},
            "to_port": 80
          },
          "sensitive_attributes": [],
          "dependencies": [
            "module.netflix-ec2.aws_security_group.net-sg",
            "module.vpc.aws_vpc.net-vpc"
          ]
        },
        {
          "index_key": "8080",
          "schema_version": 0,
          "attributes": {
            "arn": "arn:aws:ec2:ap-south-2:740956705458:security-group-rule/sgr-079813348f757dcd9",
            "cidr_ipv4": "0.0.0.0/0",
            "cidr_ipv6": null,
            "description": null,
            "from_port": 8080,
            "id": "sgr-079813348f757dcd9",
            "ip_protocol": "tcp",
            "prefix_list_id": null,
            "referenced_security_group_id": null,
            "security_group_id": "sg-0f00bf594c5bb07e5",
            "security_group_rule_id": "sgr-079813348f757dcd9",
            "tags": null,
            "tags_all": {},
            "to_port": 8080
          },
          "sensitive_attributes": [],
          "dependencies": [
            "module.netflix-ec2.aws_security_group.net-sg",
            "module.vpc.aws_vpc.net-vpc"
          ]
        },
        {
          "index_key": "9000",
          "schema_version": 0,
          "attributes": {
            "arn": "arn:aws:ec2:ap-south-2:740956705458:security-group-rule/sgr-09866cc6a3ae46428",
            "cidr_ipv4": "0.0.0.0/0",
            "cidr_ipv6": null,
            "description": null,
            "from_port": 9000,
            "id": "sgr-09866cc6a3ae46428",
            "ip_protocol": "tcp",
            "prefix_list_id": null,
            "referenced_security_group_id": null,
            "security_group_id": "sg-0f00bf594c5bb07e5",
            "security_group_rule_id": "sgr-09866cc6a3ae46428",
            "tags": null,
            "tags_all": {},
            "to_port": 9000
          },
          "sensitive_attributes": [],
          "dependencies": [
            "module.netflix-ec2.aws_security_group.net-sg",
            "module.vpc.aws_vpc.net-vpc"
          ]
        }
      ]
    },
    {
      "module": "module.vpc",
      "mode": "managed",
      "type": "aws_internet_gateway",
      "name": "net-igw",
      "provider": "provider[\"registry.terraform.io/hashicorp/aws\"]",
      "instances": [
        {
          "schema_version": 0,
          "attributes": {
            "arn": "arn:aws:ec2:ap-south-2:740956705458:internet-gateway/igw-0de81611d3b574963",
            "id": "igw-0de81611d3b574963",
            "owner_id": "740956705458",
            "tags": {
              "Name": "net-igw"
            },
            "tags_all": {
              "Name": "net-igw"
            },
            "timeouts": null,
            "vpc_id": "vpc-01867ff5bce8a474d"
          },
          "sensitive_attributes": [],
          "private": "eyJlMmJmYjczMC1lY2FhLTExZTYtOGY4OC0zNDM2M2JjN2M0YzAiOnsiY3JlYXRlIjoxMjAwMDAwMDAwMDAwLCJkZWxldGUiOjEyMDAwMDAwMDAwMDAsInVwZGF0ZSI6MTIwMDAwMDAwMDAwMH19",
          "dependencies": [
            "module.vpc.aws_vpc.net-vpc"
          ]
        }
      ]
    },
    {
      "module": "module.vpc",
      "mode": "managed",
      "type": "aws_route_table",
      "name": "net-public-rt",
      "provider": "provider[\"registry.terraform.io/hashicorp/aws\"]",
      "instances": [
        {
          "schema_version": 0,
          "attributes": {
            "arn": "arn:aws:ec2:ap-south-2:740956705458:route-table/rtb-0fe26c9a16172656d",
            "id": "rtb-0fe26c9a16172656d",
            "owner_id": "740956705458",
            "propagating_vgws": [],
            "route": [
              {
                "carrier_gateway_id": "",
                "cidr_block": "0.0.0.0/0",
                "core_network_arn": "",
                "destination_prefix_list_id": "",
                "egress_only_gateway_id": "",
                "gateway_id": "igw-0de81611d3b574963",
                "ipv6_cidr_block": "",
                "local_gateway_id": "",
                "nat_gateway_id": "",
                "network_interface_id": "",
                "transit_gateway_id": "",
                "vpc_endpoint_id": "",
                "vpc_peering_connection_id": ""
              }
            ],
            "tags": {
              "Name": "net-public-rt"
            },
            "tags_all": {
              "Name": "net-public-rt"
            },
            "timeouts": null,
            "vpc_id": "vpc-01867ff5bce8a474d"
          },
          "sensitive_attributes": [],
          "private": "eyJlMmJmYjczMC1lY2FhLTExZTYtOGY4OC0zNDM2M2JjN2M0YzAiOnsiY3JlYXRlIjozMDAwMDAwMDAwMDAsImRlbGV0ZSI6MzAwMDAwMDAwMDAwLCJ1cGRhdGUiOjEyMDAwMDAwMDAwMH19",
          "dependencies": [
            "module.vpc.aws_internet_gateway.net-igw",
            "module.vpc.aws_vpc.net-vpc"
          ]
        }
      ]
    },
    {
      "module": "module.vpc",
      "mode": "managed",
      "type": "aws_route_table_association",
      "name": "net-public-rt-association",
      "provider": "provider[\"registry.terraform.io/hashicorp/aws\"]",
      "instances": [
        {
          "index_key": 0,
          "schema_version": 0,
          "attributes": {
            "gateway_id": "",
            "id": "rtbassoc-0eca8f628f15c8ea3",
            "route_table_id": "rtb-0fe26c9a16172656d",
            "subnet_id": "subnet-01a0fdc9c2595f309",
            "timeouts": null
          },
          "sensitive_attributes": [],
          "private": "eyJlMmJmYjczMC1lY2FhLTExZTYtOGY4OC0zNDM2M2JjN2M0YzAiOnsiY3JlYXRlIjozMDAwMDAwMDAwMDAsImRlbGV0ZSI6MzAwMDAwMDAwMDAwLCJ1cGRhdGUiOjEyMDAwMDAwMDAwMH19",
          "dependencies": [
            "module.vpc.aws_internet_gateway.net-igw",
            "module.vpc.aws_route_table.net-public-rt",
            "module.vpc.aws_subnet.net-public-subnet",
            "module.vpc.aws_vpc.net-vpc"
          ]
        },
        {
          "index_key": 1,
          "schema_version": 0,
          "attributes": {
            "gateway_id": "",
            "id": "rtbassoc-05aa92fe443c308a6",
            "route_table_id": "rtb-0fe26c9a16172656d",
            "subnet_id": "subnet-046faa0894c594484",
            "timeouts": null
          },
          "sensitive_attributes": [],
          "private": "eyJlMmJmYjczMC1lY2FhLTExZTYtOGY4OC0zNDM2M2JjN2M0YzAiOnsiY3JlYXRlIjozMDAwMDAwMDAwMDAsImRlbGV0ZSI6MzAwMDAwMDAwMDAwLCJ1cGRhdGUiOjEyMDAwMDAwMDAwMH19",
          "dependencies": [
            "module.vpc.aws_internet_gateway.net-igw",
            "module.vpc.aws_route_table.net-public-rt",
            "module.vpc.aws_subnet.net-public-subnet",
            "module.vpc.aws_vpc.net-vpc"
          ]
        }
      ]
    },
    {
      "module": "module.vpc",
      "mode": "managed",
      "type": "aws_subnet",
      "name": "net-public-subnet",
      "provider": "provider[\"registry.terraform.io/hashicorp/aws\"]",
      "instances": [
        {
          "index_key": 0,
          "schema_version": 1,
          "attributes": {
            "arn": "arn:aws:ec2:ap-south-2:740956705458:subnet/subnet-01a0fdc9c2595f309",
            "assign_ipv6_address_on_creation": false,
            "availability_zone": "ap-south-2a",
            "availability_zone_id": "aps2-az1",
            "cidr_block": "10.0.1.0/24",
            "customer_owned_ipv4_pool": "",
            "enable_dns64": false,
            "enable_lni_at_device_index": 0,
            "enable_resource_name_dns_a_record_on_launch": false,
            "enable_resource_name_dns_aaaa_record_on_launch": false,
            "id": "subnet-01a0fdc9c2595f309",
            "ipv6_cidr_block": "",
            "ipv6_cidr_block_association_id": "",
            "ipv6_native": false,
            "map_customer_owned_ip_on_launch": false,
            "map_public_ip_on_launch": false,
            "outpost_arn": "",
            "owner_id": "740956705458",
            "private_dns_hostname_type_on_launch": "ip-name",
            "tags": {
              "Name": "net-public-subnet-1"
            },
            "tags_all": {
              "Name": "net-public-subnet-1"
            },
            "timeouts": null,
            "vpc_id": "vpc-01867ff5bce8a474d"
          },
          "sensitive_attributes": [],
          "private": "eyJlMmJmYjczMC1lY2FhLTExZTYtOGY4OC0zNDM2M2JjN2M0YzAiOnsiY3JlYXRlIjo2MDAwMDAwMDAwMDAsImRlbGV0ZSI6MTIwMDAwMDAwMDAwMH0sInNjaGVtYV92ZXJzaW9uIjoiMSJ9",
          "dependencies": [
            "module.vpc.aws_vpc.net-vpc"
          ]
        },
        {
          "index_key": 1,
          "schema_version": 1,
          "attributes": {
            "arn": "arn:aws:ec2:ap-south-2:740956705458:subnet/subnet-046faa0894c594484",
            "assign_ipv6_address_on_creation": false,
            "availability_zone": "ap-south-2b",
            "availability_zone_id": "aps2-az2",
            "cidr_block": "10.0.2.0/24",
            "customer_owned_ipv4_pool": "",
            "enable_dns64": false,
            "enable_lni_at_device_index": 0,
            "enable_resource_name_dns_a_record_on_launch": false,
            "enable_resource_name_dns_aaaa_record_on_launch": false,
            "id": "subnet-046faa0894c594484",
            "ipv6_cidr_block": "",
            "ipv6_cidr_block_association_id": "",
            "ipv6_native": false,
            "map_customer_owned_ip_on_launch": false,
            "map_public_ip_on_launch": false,
            "outpost_arn": "",
            "owner_id": "740956705458",
            "private_dns_hostname_type_on_launch": "ip-name",
            "tags": {
              "Name": "net-public-subnet-2"
            },
            "tags_all": {
              "Name": "net-public-subnet-2"
            },
            "timeouts": null,
            "vpc_id": "vpc-01867ff5bce8a474d"
          },
          "sensitive_attributes": [],
          "private": "eyJlMmJmYjczMC1lY2FhLTExZTYtOGY4OC0zNDM2M2JjN2M0YzAiOnsiY3JlYXRlIjo2MDAwMDAwMDAwMDAsImRlbGV0ZSI6MTIwMDAwMDAwMDAwMH0sInNjaGVtYV92ZXJzaW9uIjoiMSJ9",
          "dependencies": [
            "module.vpc.aws_vpc.net-vpc"
          ]
        }
      ]
    },
    {
      "module": "module.vpc",
      "mode": "managed",
      "type": "aws_vpc",
      "name": "net-vpc",
      "provider": "provider[\"registry.terraform.io/hashicorp/aws\"]",
      "instances": [
        {
          "schema_version": 1,
          "attributes": {
            "arn": "arn:aws:ec2:ap-south-2:740956705458:vpc/vpc-01867ff5bce8a474d",
            "assign_generated_ipv6_cidr_block": false,
            "cidr_block": "10.0.0.0/16",
            "default_network_acl_id": "acl-0adb9dfa592a1a92f",
            "default_route_table_id": "rtb-02d97c190dea46288",
            "default_security_group_id": "sg-0a12b778f65163d64",
            "dhcp_options_id": "dopt-00689e6abe429452c",
            "enable_dns_hostnames": false,
            "enable_dns_support": true,
            "enable_network_address_usage_metrics": false,
            "id": "vpc-01867ff5bce8a474d",
            "instance_tenancy": "default",
            "ipv4_ipam_pool_id": null,
            "ipv4_netmask_length": null,
            "ipv6_association_id": "",
            "ipv6_cidr_block": "",
            "ipv6_cidr_block_network_border_group": "",
            "ipv6_ipam_pool_id": "",
            "ipv6_netmask_length": 0,
            "main_route_table_id": "rtb-02d97c190dea46288",
            "owner_id": "740956705458",
            "tags": {
              "Name": "net-vpc"
            },
            "tags_all": {
              "Name": "net-vpc"
            }
          },
          "sensitive_attributes": [],
          "private": "eyJzY2hlbWFfdmVyc2lvbiI6IjEifQ=="
        }
      ]
    }
  ],
  "check_results": null
}
