{
  "version": 4,
  "terraform_version": "1.5.7",
  "serial": 608,
  "lineage": "964f9647-efbf-554c-b6fd-8c59f22354c7",
  "outputs": {},
  "resources": [
    {
      "module": "module.monitoring-ec2",
      "mode": "managed",
      "type": "aws_instance",
      "name": "net-ec2",
      "provider": "provider[\"registry.terraform.io/hashicorp/aws\"]",
      "instances": [
        {
          "schema_version": 1,
          "attributes": {
            "ami": "ami-053a0835435bf4f45",
            "arn": "arn:aws:ec2:ap-south-2:740956705458:instance/i-0a5d1bc3eda3559c9",
            "associate_public_ip_address": false,
            "availability_zone": "ap-south-2a",
            "capacity_reservation_specification": [
              {
                "capacity_reservation_preference": "open",
                "capacity_reservation_target": []
              }
            ],
            "cpu_core_count": 1,
            "cpu_options": [
              {
                "amd_sev_snp": "",
                "core_count": 1,
                "threads_per_core": 2
              }
            ],
            "cpu_threads_per_core": 2,
            "credit_specification": [
              {
                "cpu_credits": "unlimited"
              }
            ],
            "disable_api_stop": false,
            "disable_api_termination": false,
            "ebs_block_device": [],
            "ebs_optimized": false,
            "enable_primary_ipv6": null,
            "enclave_options": [
              {
                "enabled": false
              }
            ],
            "ephemeral_block_device": [],
            "get_password_data": false,
            "hibernation": false,
            "host_id": "",
            "host_resource_group_arn": null,
            "iam_instance_profile": "",
            "id": "i-0a5d1bc3eda3559c9",
            "instance_initiated_shutdown_behavior": "stop",
            "instance_lifecycle": "",
            "instance_market_options": [],
            "instance_state": "running",
            "instance_type": "t3.medium",
            "ipv6_address_count": 0,
            "ipv6_addresses": [],
            "key_name": "",
            "launch_template": [],
            "maintenance_options": [
              {
                "auto_recovery": "default"
              }
            ],
            "metadata_options": [
              {
                "http_endpoint": "enabled",
                "http_protocol_ipv6": "disabled",
                "http_put_response_hop_limit": 2,
                "http_tokens": "required",
                "instance_metadata_tags": "disabled"
              }
            ],
            "monitoring": false,
            "network_interface": [],
            "outpost_arn": "",
            "password_data": "",
            "placement_group": "",
            "placement_partition_number": 0,
            "primary_network_interface_id": "eni-0893b2adf52b04002",
            "private_dns": "ip-10-0-1-72.ap-south-2.compute.internal",
            "private_dns_name_options": [
              {
                "enable_resource_name_dns_a_record": false,
                "enable_resource_name_dns_aaaa_record": false,
                "hostname_type": "ip-name"
              }
            ],
            "private_ip": "10.0.1.72",
            "public_dns": "",
            "public_ip": "",
            "root_block_device": [
              {
                "delete_on_termination": true,
                "device_name": "/dev/sda1",
                "encrypted": false,
                "iops": 3000,
                "kms_key_id": "",
                "tags": {},
                "tags_all": {},
                "throughput": 125,
                "volume_id": "vol-091ae4f2a89596217",
                "volume_size": 8,
                "volume_type": "gp3"
              }
            ],
            "secondary_private_ips": [],
            "security_groups": [],
            "source_dest_check": true,
            "spot_instance_request_id": "",
            "subnet_id": "subnet-0c191f82140455d36",
            "tags": {
              "Name": "monitoring-ec2"
            },
            "tags_all": {
              "Name": "monitoring-ec2"
            },
            "tenancy": "default",
            "timeouts": null,
            "user_data": null,
            "user_data_base64": null,
            "user_data_replace_on_change": false,
            "volume_tags": null,
            "vpc_security_group_ids": [
              "sg-0cf415b3e9b6b598c"
            ]
          },
          "sensitive_attributes": [],
          "private": "eyJlMmJmYjczMC1lY2FhLTExZTYtOGY4OC0zNDM2M2JjN2M0YzAiOnsiY3JlYXRlIjo2MDAwMDAwMDAwMDAsImRlbGV0ZSI6MTIwMDAwMDAwMDAwMCwicmVhZCI6OTAwMDAwMDAwMDAwLCJ1cGRhdGUiOjYwMDAwMDAwMDAwMH0sInNjaGVtYV92ZXJzaW9uIjoiMSJ9",
          "dependencies": [
            "module.monitoring-ec2.aws_security_group.net-sg",
            "module.vpc.aws_subnet.net-public-subnet",
            "module.vpc.aws_vpc.net-vpc"
          ]
        }
      ]
    },
    {
      "module": "module.monitoring-ec2",
      "mode": "managed",
      "type": "aws_security_group",
      "name": "net-sg",
      "provider": "provider[\"registry.terraform.io/hashicorp/aws\"]",
      "instances": [
        {
          "schema_version": 1,
          "attributes": {
            "arn": "arn:aws:ec2:ap-south-2:740956705458:security-group/sg-0cf415b3e9b6b598c",
            "description": "Managed by Terraform",
            "egress": [],
            "id": "sg-0cf415b3e9b6b598c",
            "ingress": [],
            "name": "monitoring-sg",
            "name_prefix": "",
            "owner_id": "740956705458",
            "revoke_rules_on_delete": false,
            "tags": {
              "Name": "monitoring-sg"
            },
            "tags_all": {
              "Name": "monitoring-sg"
            },
            "timeouts": null,
            "vpc_id": "vpc-0fdb05024ae6e98c1"
          },
          "sensitive_attributes": [],
          "private": "eyJlMmJmYjczMC1lY2FhLTExZTYtOGY4OC0zNDM2M2JjN2M0YzAiOnsiY3JlYXRlIjo2MDAwMDAwMDAwMDAsImRlbGV0ZSI6OTAwMDAwMDAwMDAwfSwic2NoZW1hX3ZlcnNpb24iOiIxIn0=",
          "dependencies": [
            "module.vpc.aws_vpc.net-vpc"
          ]
        }
      ]
    },
    {
      "module": "module.monitoring-ec2",
      "mode": "managed",
      "type": "aws_vpc_security_group_egress_rule",
      "name": "net-sg-egress",
      "provider": "provider[\"registry.terraform.io/hashicorp/aws\"]",
      "instances": [
        {
          "schema_version": 0,
          "attributes": {
            "arn": "arn:aws:ec2:ap-south-2:740956705458:security-group-rule/sgr-0250d97b34a92fc94",
            "cidr_ipv4": "0.0.0.0/0",
            "cidr_ipv6": null,
            "description": null,
            "from_port": 0,
            "id": "sgr-0250d97b34a92fc94",
            "ip_protocol": "tcp",
            "prefix_list_id": null,
            "referenced_security_group_id": null,
            "security_group_id": "sg-0cf415b3e9b6b598c",
            "security_group_rule_id": "sgr-0250d97b34a92fc94",
            "tags": null,
            "tags_all": {},
            "to_port": 0
          },
          "sensitive_attributes": [],
          "dependencies": [
            "module.monitoring-ec2.aws_security_group.net-sg",
            "module.vpc.aws_vpc.net-vpc"
          ]
        }
      ]
    },
    {
      "module": "module.monitoring-ec2",
      "mode": "managed",
      "type": "aws_vpc_security_group_ingress_rule",
      "name": "net-sg-ingress",
      "provider": "provider[\"registry.terraform.io/hashicorp/aws\"]",
      "instances": [
        {
          "index_key": "22",
          "schema_version": 0,
          "attributes": {
            "arn": "arn:aws:ec2:ap-south-2:740956705458:security-group-rule/sgr-013de922a0d5b104a",
            "cidr_ipv4": "0.0.0.0/0",
            "cidr_ipv6": null,
            "description": null,
            "from_port": 22,
            "id": "sgr-013de922a0d5b104a",
            "ip_protocol": "tcp",
            "prefix_list_id": null,
            "referenced_security_group_id": null,
            "security_group_id": "sg-0cf415b3e9b6b598c",
            "security_group_rule_id": "sgr-013de922a0d5b104a",
            "tags": null,
            "tags_all": {},
            "to_port": 22
          },
          "sensitive_attributes": [],
          "dependencies": [
            "module.monitoring-ec2.aws_security_group.net-sg",
            "module.vpc.aws_vpc.net-vpc"
          ]
        },
        {
          "index_key": "3000",
          "schema_version": 0,
          "attributes": {
            "arn": "arn:aws:ec2:ap-south-2:740956705458:security-group-rule/sgr-0c85a7e355ec9761b",
            "cidr_ipv4": "0.0.0.0/0",
            "cidr_ipv6": null,
            "description": null,
            "from_port": 3000,
            "id": "sgr-0c85a7e355ec9761b",
            "ip_protocol": "tcp",
            "prefix_list_id": null,
            "referenced_security_group_id": null,
            "security_group_id": "sg-0cf415b3e9b6b598c",
            "security_group_rule_id": "sgr-0c85a7e355ec9761b",
            "tags": null,
            "tags_all": {},
            "to_port": 3000
          },
          "sensitive_attributes": [],
          "dependencies": [
            "module.monitoring-ec2.aws_security_group.net-sg",
            "module.vpc.aws_vpc.net-vpc"
          ]
        },
        {
          "index_key": "443",
          "schema_version": 0,
          "attributes": {
            "arn": "arn:aws:ec2:ap-south-2:740956705458:security-group-rule/sgr-04625ea271791cbdf",
            "cidr_ipv4": "0.0.0.0/0",
            "cidr_ipv6": null,
            "description": null,
            "from_port": 443,
            "id": "sgr-04625ea271791cbdf",
            "ip_protocol": "tcp",
            "prefix_list_id": null,
            "referenced_security_group_id": null,
            "security_group_id": "sg-0cf415b3e9b6b598c",
            "security_group_rule_id": "sgr-04625ea271791cbdf",
            "tags": null,
            "tags_all": {},
            "to_port": 443
          },
          "sensitive_attributes": [],
          "dependencies": [
            "module.monitoring-ec2.aws_security_group.net-sg",
            "module.vpc.aws_vpc.net-vpc"
          ]
        },
        {
          "index_key": "80",
          "schema_version": 0,
          "attributes": {
            "arn": "arn:aws:ec2:ap-south-2:740956705458:security-group-rule/sgr-03f35aaf7bbffd173",
            "cidr_ipv4": "0.0.0.0/0",
            "cidr_ipv6": null,
            "description": null,
            "from_port": 80,
            "id": "sgr-03f35aaf7bbffd173",
            "ip_protocol": "tcp",
            "prefix_list_id": null,
            "referenced_security_group_id": null,
            "security_group_id": "sg-0cf415b3e9b6b598c",
            "security_group_rule_id": "sgr-03f35aaf7bbffd173",
            "tags": null,
            "tags_all": {},
            "to_port": 80
          },
          "sensitive_attributes": [],
          "dependencies": [
            "module.monitoring-ec2.aws_security_group.net-sg",
            "module.vpc.aws_vpc.net-vpc"
          ]
        },
        {
          "index_key": "9090",
          "schema_version": 0,
          "attributes": {
            "arn": "arn:aws:ec2:ap-south-2:740956705458:security-group-rule/sgr-0f9aa7b352b9e8ed3",
            "cidr_ipv4": "0.0.0.0/0",
            "cidr_ipv6": null,
            "description": null,
            "from_port": 9090,
            "id": "sgr-0f9aa7b352b9e8ed3",
            "ip_protocol": "tcp",
            "prefix_list_id": null,
            "referenced_security_group_id": null,
            "security_group_id": "sg-0cf415b3e9b6b598c",
            "security_group_rule_id": "sgr-0f9aa7b352b9e8ed3",
            "tags": null,
            "tags_all": {},
            "to_port": 9090
          },
          "sensitive_attributes": [],
          "dependencies": [
            "module.monitoring-ec2.aws_security_group.net-sg",
            "module.vpc.aws_vpc.net-vpc"
          ]
        }
      ]
    },
    {
      "module": "module.netflix-ec2",
      "mode": "managed",
      "type": "aws_instance",
      "name": "net-ec2",
      "provider": "provider[\"registry.terraform.io/hashicorp/aws\"]",
      "instances": [
        {
          "schema_version": 1,
          "attributes": {
            "ami": "ami-053a0835435bf4f45",
            "arn": "arn:aws:ec2:ap-south-2:740956705458:instance/i-0a5fe3115c5414576",
            "associate_public_ip_address": false,
            "availability_zone": "ap-south-2a",
            "capacity_reservation_specification": [
              {
                "capacity_reservation_preference": "open",
                "capacity_reservation_target": []
              }
            ],
            "cpu_core_count": 1,
            "cpu_options": [
              {
                "amd_sev_snp": "",
                "core_count": 1,
                "threads_per_core": 2
              }
            ],
            "cpu_threads_per_core": 2,
            "credit_specification": [
              {
                "cpu_credits": "unlimited"
              }
            ],
            "disable_api_stop": false,
            "disable_api_termination": false,
            "ebs_block_device": [],
            "ebs_optimized": false,
            "enable_primary_ipv6": null,
            "enclave_options": [
              {
                "enabled": false
              }
            ],
            "ephemeral_block_device": [],
            "get_password_data": false,
            "hibernation": false,
            "host_id": "",
            "host_resource_group_arn": null,
            "iam_instance_profile": "",
            "id": "i-0a5fe3115c5414576",
            "instance_initiated_shutdown_behavior": "stop",
            "instance_lifecycle": "",
            "instance_market_options": [],
            "instance_state": "running",
            "instance_type": "t3.medium",
            "ipv6_address_count": 0,
            "ipv6_addresses": [],
            "key_name": "",
            "launch_template": [],
            "maintenance_options": [
              {
                "auto_recovery": "default"
              }
            ],
            "metadata_options": [
              {
                "http_endpoint": "enabled",
                "http_protocol_ipv6": "disabled",
                "http_put_response_hop_limit": 2,
                "http_tokens": "required",
                "instance_metadata_tags": "disabled"
              }
            ],
            "monitoring": false,
            "network_interface": [],
            "outpost_arn": "",
            "password_data": "",
            "placement_group": "",
            "placement_partition_number": 0,
            "primary_network_interface_id": "eni-04ce0ab9d3e8161e0",
            "private_dns": "ip-10-0-1-210.ap-south-2.compute.internal",
            "private_dns_name_options": [
              {
                "enable_resource_name_dns_a_record": false,
                "enable_resource_name_dns_aaaa_record": false,
                "hostname_type": "ip-name"
              }
            ],
            "private_ip": "10.0.1.210",
            "public_dns": "",
            "public_ip": "",
            "root_block_device": [
              {
                "delete_on_termination": true,
                "device_name": "/dev/sda1",
                "encrypted": false,
                "iops": 3000,
                "kms_key_id": "",
                "tags": {},
                "tags_all": {},
                "throughput": 125,
                "volume_id": "vol-0756fcc362a2c2ec7",
                "volume_size": 8,
                "volume_type": "gp3"
              }
            ],
            "secondary_private_ips": [],
            "security_groups": [],
            "source_dest_check": true,
            "spot_instance_request_id": "",
            "subnet_id": "subnet-0c191f82140455d36",
            "tags": {
              "Name": "netflix-ec2"
            },
            "tags_all": {
              "Name": "netflix-ec2"
            },
            "tenancy": "default",
            "timeouts": null,
            "user_data": null,
            "user_data_base64": null,
            "user_data_replace_on_change": false,
            "volume_tags": null,
            "vpc_security_group_ids": [
              "sg-05cb83c0f295e35cd"
            ]
          },
          "sensitive_attributes": [],
          "private": "eyJlMmJmYjczMC1lY2FhLTExZTYtOGY4OC0zNDM2M2JjN2M0YzAiOnsiY3JlYXRlIjo2MDAwMDAwMDAwMDAsImRlbGV0ZSI6MTIwMDAwMDAwMDAwMCwicmVhZCI6OTAwMDAwMDAwMDAwLCJ1cGRhdGUiOjYwMDAwMDAwMDAwMH0sInNjaGVtYV92ZXJzaW9uIjoiMSJ9",
          "dependencies": [
            "module.netflix-ec2.aws_security_group.net-sg",
            "module.vpc.aws_subnet.net-public-subnet",
            "module.vpc.aws_vpc.net-vpc"
          ]
        }
      ]
    },
    {
      "module": "module.netflix-ec2",
      "mode": "managed",
      "type": "aws_security_group",
      "name": "net-sg",
      "provider": "provider[\"registry.terraform.io/hashicorp/aws\"]",
      "instances": [
        {
          "schema_version": 1,
          "attributes": {
            "arn": "arn:aws:ec2:ap-south-2:740956705458:security-group/sg-05cb83c0f295e35cd",
            "description": "Managed by Terraform",
            "egress": [],
            "id": "sg-05cb83c0f295e35cd",
            "ingress": [],
            "name": "net-sg",
            "name_prefix": "",
            "owner_id": "740956705458",
            "revoke_rules_on_delete": false,
            "tags": null,
            "tags_all": {},
            "timeouts": null,
            "vpc_id": "vpc-0fdb05024ae6e98c1"
          },
          "sensitive_attributes": [],
          "private": "eyJlMmJmYjczMC1lY2FhLTExZTYtOGY4OC0zNDM2M2JjN2M0YzAiOnsiY3JlYXRlIjo2MDAwMDAwMDAwMDAsImRlbGV0ZSI6OTAwMDAwMDAwMDAwfSwic2NoZW1hX3ZlcnNpb24iOiIxIn0=",
          "dependencies": [
            "module.vpc.aws_vpc.net-vpc"
          ]
        }
      ]
    },
    {
      "module": "module.netflix-ec2",
      "mode": "managed",
      "type": "aws_vpc_security_group_egress_rule",
      "name": "net-sg-egress",
      "provider": "provider[\"registry.terraform.io/hashicorp/aws\"]",
      "instances": [
        {
          "schema_version": 0,
          "attributes": {
            "arn": "arn:aws:ec2:ap-south-2:740956705458:security-group-rule/sgr-097f5201ebb302765",
            "cidr_ipv4": "0.0.0.0/0",
            "cidr_ipv6": null,
            "description": null,
            "from_port": 0,
            "id": "sgr-097f5201ebb302765",
            "ip_protocol": "tcp",
            "prefix_list_id": null,
            "referenced_security_group_id": null,
            "security_group_id": "sg-05cb83c0f295e35cd",
            "security_group_rule_id": "sgr-097f5201ebb302765",
            "tags": null,
            "tags_all": {},
            "to_port": 0
          },
          "sensitive_attributes": [],
          "dependencies": [
            "module.netflix-ec2.aws_security_group.net-sg",
            "module.vpc.aws_vpc.net-vpc"
          ]
        }
      ]
    },
    {
      "module": "module.netflix-ec2",
      "mode": "managed",
      "type": "aws_vpc_security_group_ingress_rule",
      "name": "net-sg-ingress",
      "provider": "provider[\"registry.terraform.io/hashicorp/aws\"]",
      "instances": [
        {
          "index_key": "22",
          "schema_version": 0,
          "attributes": {
            "arn": "arn:aws:ec2:ap-south-2:740956705458:security-group-rule/sgr-045e5e87079794c94",
            "cidr_ipv4": "0.0.0.0/0",
            "cidr_ipv6": null,
            "description": null,
            "from_port": 22,
            "id": "sgr-045e5e87079794c94",
            "ip_protocol": "tcp",
            "prefix_list_id": null,
            "referenced_security_group_id": null,
            "security_group_id": "sg-05cb83c0f295e35cd",
            "security_group_rule_id": "sgr-045e5e87079794c94",
            "tags": null,
            "tags_all": {},
            "to_port": 22
          },
          "sensitive_attributes": [],
          "dependencies": [
            "module.netflix-ec2.aws_security_group.net-sg",
            "module.vpc.aws_vpc.net-vpc"
          ]
        },
        {
          "index_key": "443",
          "schema_version": 0,
          "attributes": {
            "arn": "arn:aws:ec2:ap-south-2:740956705458:security-group-rule/sgr-025cda70b6bd5bd48",
            "cidr_ipv4": "0.0.0.0/0",
            "cidr_ipv6": null,
            "description": null,
            "from_port": 443,
            "id": "sgr-025cda70b6bd5bd48",
            "ip_protocol": "tcp",
            "prefix_list_id": null,
            "referenced_security_group_id": null,
            "security_group_id": "sg-05cb83c0f295e35cd",
            "security_group_rule_id": "sgr-025cda70b6bd5bd48",
            "tags": null,
            "tags_all": {},
            "to_port": 443
          },
          "sensitive_attributes": [],
          "dependencies": [
            "module.netflix-ec2.aws_security_group.net-sg",
            "module.vpc.aws_vpc.net-vpc"
          ]
        },
        {
          "index_key": "80",
          "schema_version": 0,
          "attributes": {
            "arn": "arn:aws:ec2:ap-south-2:740956705458:security-group-rule/sgr-0ec8769d1cc84aec9",
            "cidr_ipv4": "0.0.0.0/0",
            "cidr_ipv6": null,
            "description": null,
            "from_port": 80,
            "id": "sgr-0ec8769d1cc84aec9",
            "ip_protocol": "tcp",
            "prefix_list_id": null,
            "referenced_security_group_id": null,
            "security_group_id": "sg-05cb83c0f295e35cd",
            "security_group_rule_id": "sgr-0ec8769d1cc84aec9",
            "tags": null,
            "tags_all": {},
            "to_port": 80
          },
          "sensitive_attributes": [],
          "dependencies": [
            "module.netflix-ec2.aws_security_group.net-sg",
            "module.vpc.aws_vpc.net-vpc"
          ]
        },
        {
          "index_key": "8080",
          "schema_version": 0,
          "attributes": {
            "arn": "arn:aws:ec2:ap-south-2:740956705458:security-group-rule/sgr-030e1bf01e6b33e63",
            "cidr_ipv4": "0.0.0.0/0",
            "cidr_ipv6": null,
            "description": null,
            "from_port": 8080,
            "id": "sgr-030e1bf01e6b33e63",
            "ip_protocol": "tcp",
            "prefix_list_id": null,
            "referenced_security_group_id": null,
            "security_group_id": "sg-05cb83c0f295e35cd",
            "security_group_rule_id": "sgr-030e1bf01e6b33e63",
            "tags": null,
            "tags_all": {},
            "to_port": 8080
          },
          "sensitive_attributes": [],
          "dependencies": [
            "module.netflix-ec2.aws_security_group.net-sg",
            "module.vpc.aws_vpc.net-vpc"
          ]
        },
        {
          "index_key": "9000",
          "schema_version": 0,
          "attributes": {
            "arn": "arn:aws:ec2:ap-south-2:740956705458:security-group-rule/sgr-04dee3d2cf537de87",
            "cidr_ipv4": "0.0.0.0/0",
            "cidr_ipv6": null,
            "description": null,
            "from_port": 9000,
            "id": "sgr-04dee3d2cf537de87",
            "ip_protocol": "tcp",
            "prefix_list_id": null,
            "referenced_security_group_id": null,
            "security_group_id": "sg-05cb83c0f295e35cd",
            "security_group_rule_id": "sgr-04dee3d2cf537de87",
            "tags": null,
            "tags_all": {},
            "to_port": 9000
          },
          "sensitive_attributes": [],
          "dependencies": [
            "module.netflix-ec2.aws_security_group.net-sg",
            "module.vpc.aws_vpc.net-vpc"
          ]
        }
      ]
    },
    {
      "module": "module.vpc",
      "mode": "managed",
      "type": "aws_internet_gateway",
      "name": "net-igw",
      "provider": "provider[\"registry.terraform.io/hashicorp/aws\"]",
      "instances": [
        {
          "schema_version": 0,
          "attributes": {
            "arn": "arn:aws:ec2:ap-south-2:740956705458:internet-gateway/igw-00445fbdf03835f4b",
            "id": "igw-00445fbdf03835f4b",
            "owner_id": "740956705458",
            "tags": {
              "Name": "net-igw"
            },
            "tags_all": {
              "Name": "net-igw"
            },
            "timeouts": null,
            "vpc_id": "vpc-0fdb05024ae6e98c1"
          },
          "sensitive_attributes": [],
          "private": "eyJlMmJmYjczMC1lY2FhLTExZTYtOGY4OC0zNDM2M2JjN2M0YzAiOnsiY3JlYXRlIjoxMjAwMDAwMDAwMDAwLCJkZWxldGUiOjEyMDAwMDAwMDAwMDAsInVwZGF0ZSI6MTIwMDAwMDAwMDAwMH19",
          "dependencies": [
            "module.vpc.aws_vpc.net-vpc"
          ]
        }
      ]
    },
    {
      "module": "module.vpc",
      "mode": "managed",
      "type": "aws_route_table",
      "name": "net-public-rt",
      "provider": "provider[\"registry.terraform.io/hashicorp/aws\"]",
      "instances": [
        {
          "schema_version": 0,
          "attributes": {
            "arn": "arn:aws:ec2:ap-south-2:740956705458:route-table/rtb-010d744bde851453b",
            "id": "rtb-010d744bde851453b",
            "owner_id": "740956705458",
            "propagating_vgws": [],
            "route": [
              {
                "carrier_gateway_id": "",
                "cidr_block": "0.0.0.0/0",
                "core_network_arn": "",
                "destination_prefix_list_id": "",
                "egress_only_gateway_id": "",
                "gateway_id": "igw-00445fbdf03835f4b",
                "ipv6_cidr_block": "",
                "local_gateway_id": "",
                "nat_gateway_id": "",
                "network_interface_id": "",
                "transit_gateway_id": "",
                "vpc_endpoint_id": "",
                "vpc_peering_connection_id": ""
              }
            ],
            "tags": {
              "Name": "net-public-rt"
            },
            "tags_all": {
              "Name": "net-public-rt"
            },
            "timeouts": null,
            "vpc_id": "vpc-0fdb05024ae6e98c1"
          },
          "sensitive_attributes": [],
          "private": "eyJlMmJmYjczMC1lY2FhLTExZTYtOGY4OC0zNDM2M2JjN2M0YzAiOnsiY3JlYXRlIjozMDAwMDAwMDAwMDAsImRlbGV0ZSI6MzAwMDAwMDAwMDAwLCJ1cGRhdGUiOjEyMDAwMDAwMDAwMH19",
          "dependencies": [
            "module.vpc.aws_internet_gateway.net-igw",
            "module.vpc.aws_vpc.net-vpc"
          ]
        }
      ]
    },
    {
      "module": "module.vpc",
      "mode": "managed",
      "type": "aws_route_table_association",
      "name": "net-public-rt-association",
      "provider": "provider[\"registry.terraform.io/hashicorp/aws\"]",
      "instances": [
        {
          "index_key": 0,
          "schema_version": 0,
          "attributes": {
            "gateway_id": "",
            "id": "rtbassoc-053a3869ed0565bae",
            "route_table_id": "rtb-010d744bde851453b",
            "subnet_id": "subnet-0c191f82140455d36",
            "timeouts": null
          },
          "sensitive_attributes": [],
          "private": "eyJlMmJmYjczMC1lY2FhLTExZTYtOGY4OC0zNDM2M2JjN2M0YzAiOnsiY3JlYXRlIjozMDAwMDAwMDAwMDAsImRlbGV0ZSI6MzAwMDAwMDAwMDAwLCJ1cGRhdGUiOjEyMDAwMDAwMDAwMH19",
          "dependencies": [
            "module.vpc.aws_internet_gateway.net-igw",
            "module.vpc.aws_route_table.net-public-rt",
            "module.vpc.aws_subnet.net-public-subnet",
            "module.vpc.aws_vpc.net-vpc"
          ]
        },
        {
          "index_key": 1,
          "schema_version": 0,
          "attributes": {
            "gateway_id": "",
            "id": "rtbassoc-0fe285fd37282b277",
            "route_table_id": "rtb-010d744bde851453b",
            "subnet_id": "subnet-0ca47222166bc7c97",
            "timeouts": null
          },
          "sensitive_attributes": [],
          "private": "eyJlMmJmYjczMC1lY2FhLTExZTYtOGY4OC0zNDM2M2JjN2M0YzAiOnsiY3JlYXRlIjozMDAwMDAwMDAwMDAsImRlbGV0ZSI6MzAwMDAwMDAwMDAwLCJ1cGRhdGUiOjEyMDAwMDAwMDAwMH19",
          "dependencies": [
            "module.vpc.aws_internet_gateway.net-igw",
            "module.vpc.aws_route_table.net-public-rt",
            "module.vpc.aws_subnet.net-public-subnet",
            "module.vpc.aws_vpc.net-vpc"
          ]
        }
      ]
    },
    {
      "module": "module.vpc",
      "mode": "managed",
      "type": "aws_subnet",
      "name": "net-public-subnet",
      "provider": "provider[\"registry.terraform.io/hashicorp/aws\"]",
      "instances": [
        {
          "index_key": 0,
          "schema_version": 1,
          "attributes": {
            "arn": "arn:aws:ec2:ap-south-2:740956705458:subnet/subnet-0c191f82140455d36",
            "assign_ipv6_address_on_creation": false,
            "availability_zone": "ap-south-2a",
            "availability_zone_id": "aps2-az1",
            "cidr_block": "10.0.1.0/24",
            "customer_owned_ipv4_pool": "",
            "enable_dns64": false,
            "enable_lni_at_device_index": 0,
            "enable_resource_name_dns_a_record_on_launch": false,
            "enable_resource_name_dns_aaaa_record_on_launch": false,
            "id": "subnet-0c191f82140455d36",
            "ipv6_cidr_block": "",
            "ipv6_cidr_block_association_id": "",
            "ipv6_native": false,
            "map_customer_owned_ip_on_launch": false,
            "map_public_ip_on_launch": false,
            "outpost_arn": "",
            "owner_id": "740956705458",
            "private_dns_hostname_type_on_launch": "ip-name",
            "tags": {
              "Name": "net-public-subnet-1"
            },
            "tags_all": {
              "Name": "net-public-subnet-1"
            },
            "timeouts": null,
            "vpc_id": "vpc-0fdb05024ae6e98c1"
          },
          "sensitive_attributes": [],
          "private": "eyJlMmJmYjczMC1lY2FhLTExZTYtOGY4OC0zNDM2M2JjN2M0YzAiOnsiY3JlYXRlIjo2MDAwMDAwMDAwMDAsImRlbGV0ZSI6MTIwMDAwMDAwMDAwMH0sInNjaGVtYV92ZXJzaW9uIjoiMSJ9",
          "dependencies": [
            "module.vpc.aws_vpc.net-vpc"
          ]
        },
        {
          "index_key": 1,
          "schema_version": 1,
          "attributes": {
            "arn": "arn:aws:ec2:ap-south-2:740956705458:subnet/subnet-0ca47222166bc7c97",
            "assign_ipv6_address_on_creation": false,
            "availability_zone": "ap-south-2b",
            "availability_zone_id": "aps2-az2",
            "cidr_block": "10.0.2.0/24",
            "customer_owned_ipv4_pool": "",
            "enable_dns64": false,
            "enable_lni_at_device_index": 0,
            "enable_resource_name_dns_a_record_on_launch": false,
            "enable_resource_name_dns_aaaa_record_on_launch": false,
            "id": "subnet-0ca47222166bc7c97",
            "ipv6_cidr_block": "",
            "ipv6_cidr_block_association_id": "",
            "ipv6_native": false,
            "map_customer_owned_ip_on_launch": false,
            "map_public_ip_on_launch": false,
            "outpost_arn": "",
            "owner_id": "740956705458",
            "private_dns_hostname_type_on_launch": "ip-name",
            "tags": {
              "Name": "net-public-subnet-2"
            },
            "tags_all": {
              "Name": "net-public-subnet-2"
            },
            "timeouts": null,
            "vpc_id": "vpc-0fdb05024ae6e98c1"
          },
          "sensitive_attributes": [],
          "private": "eyJlMmJmYjczMC1lY2FhLTExZTYtOGY4OC0zNDM2M2JjN2M0YzAiOnsiY3JlYXRlIjo2MDAwMDAwMDAwMDAsImRlbGV0ZSI6MTIwMDAwMDAwMDAwMH0sInNjaGVtYV92ZXJzaW9uIjoiMSJ9",
          "dependencies": [
            "module.vpc.aws_vpc.net-vpc"
          ]
        }
      ]
    },
    {
      "module": "module.vpc",
      "mode": "managed",
      "type": "aws_vpc",
      "name": "net-vpc",
      "provider": "provider[\"registry.terraform.io/hashicorp/aws\"]",
      "instances": [
        {
          "schema_version": 1,
          "attributes": {
            "arn": "arn:aws:ec2:ap-south-2:740956705458:vpc/vpc-0fdb05024ae6e98c1",
            "assign_generated_ipv6_cidr_block": false,
            "cidr_block": "10.0.0.0/16",
            "default_network_acl_id": "acl-038b58057bb49b7e8",
            "default_route_table_id": "rtb-06b5bbdb9b910ec9a",
            "default_security_group_id": "sg-0a3b145766db558a1",
            "dhcp_options_id": "dopt-00689e6abe429452c",
            "enable_dns_hostnames": false,
            "enable_dns_support": true,
            "enable_network_address_usage_metrics": false,
            "id": "vpc-0fdb05024ae6e98c1",
            "instance_tenancy": "default",
            "ipv4_ipam_pool_id": null,
            "ipv4_netmask_length": null,
            "ipv6_association_id": "",
            "ipv6_cidr_block": "",
            "ipv6_cidr_block_network_border_group": "",
            "ipv6_ipam_pool_id": "",
            "ipv6_netmask_length": 0,
            "main_route_table_id": "rtb-06b5bbdb9b910ec9a",
            "owner_id": "740956705458",
            "tags": {
              "Name": "net-vpc"
            },
            "tags_all": {
              "Name": "net-vpc"
            }
          },
          "sensitive_attributes": [],
          "private": "eyJzY2hlbWFfdmVyc2lvbiI6IjEifQ=="
        }
      ]
    }
  ],
  "check_results": null
}
